
Microsoft Visual Studio Solution File, Format Version 12.00
# Visual Studio Version 17
VisualStudioVersion = 17.0.31903.59
MinimumVisualStudioVersion = 10.0.40219.1
Project("{FAE04EC0-301F-11D3-BF4B-00C04F79EFBC}") = "CentroEventos.Consola", "CentroEventos.Consola\CentroEventos.Consola.csproj", "{5F541402-A33E-4034-A2E0-D127A54376D3}"
EndProject
Project("{FAE04EC0-301F-11D3-BF4B-00C04F79EFBC}") = "CentroEventos.Aplicacion", "CentroEventos.Aplicacion\CentroEventos.Aplicacion.csproj", "{4613CB97-8C12-49A0-B38D-6982B11DFF23}"
EndProject
Project("{FAE04EC0-301F-11D3-BF4B-00C04F79EFBC}") = "CentroEventos.Repositorios", "CentroEventos.Repositorios\CentroEventos.Repositorios.csproj", "{C56743F4-57B1-418C-AC8C-1ABEC01B55B3}"
EndProject
Global
	GlobalSection(SolutionConfigurationPlatforms) = preSolution
		Debug|Any CPU = Debug|Any CPU
		Release|Any CPU = Release|Any CPU
	EndGlobalSection
	GlobalSection(SolutionProperties) = preSolution
		HideSolutionNode = FALSE
	EndGlobalSection
	GlobalSection(ProjectConfigurationPlatforms) = postSolution
		{5F541402-A33E-4034-A2E0-D127A54376D3}.Debug|Any CPU.ActiveCfg = Debug|Any CPU
		{5F541402-A33E-4034-A2E0-D127A54376D3}.Debug|Any CPU.Build.0 = Debug|Any CPU
		{5F541402-A33E-4034-A2E0-D127A54376D3}.Release|Any CPU.ActiveCfg = Release|Any CPU
		{5F541402-A33E-4034-A2E0-D127A54376D3}.Release|Any CPU.Build.0 = Release|Any CPU
		{4613CB97-8C12-49A0-B38D-6982B11DFF23}.Debug|Any CPU.ActiveCfg = Debug|Any CPU
		{4613CB97-8C12-49A0-B38D-6982B11DFF23}.Debug|Any CPU.Build.0 = Debug|Any CPU
		{4613CB97-8C12-49A0-B38D-6982B11DFF23}.Release|Any CPU.ActiveCfg = Release|Any CPU
		{4613CB97-8C12-49A0-B38D-6982B11DFF23}.Release|Any CPU.Build.0 = Release|Any CPU
		{C56743F4-57B1-418C-AC8C-1ABEC01B55B3}.Debug|Any CPU.ActiveCfg = Debug|Any CPU
		{C56743F4-57B1-418C-AC8C-1ABEC01B55B3}.Debug|Any CPU.Build.0 = Debug|Any CPU
		{C56743F4-57B1-418C-AC8C-1ABEC01B55B3}.Release|Any CPU.ActiveCfg = Release|Any CPU
		{C56743F4-57B1-418C-AC8C-1ABEC01B55B3}.Release|Any CPU.Build.0 = Release|Any CPU
	EndGlobalSection
EndGlobal
